// !$*UTF8*$!
{
	archiveVersion = 1;
	classes = {
	};
	objectVersion = 50;
	objects = {

/* Begin PBXBuildFile section */
		54E4D50C2180BD12001C41A1 /* AppDelegate.swift in Sources */ = {isa = PBXBuildFile; fileRef = 54E4D50B2180BD12001C41A1 /* AppDelegate.swift */; };
		54E4D50E2180BD12001C41A1 /* ViewController.swift in Sources */ = {isa = PBXBuildFile; fileRef = 54E4D50D2180BD12001C41A1 /* ViewController.swift */; };
		54E4D5112180BD12001C41A1 /* Main.storyboard in Resources */ = {isa = PBXBuildFile; fileRef = 54E4D50F2180BD12001C41A1 /* Main.storyboard */; };
		54E4D5142180BD12001C41A1 /* StudentManagement.xcdatamodeld in Sources */ = {isa = PBXBuildFile; fileRef = 54E4D5122180BD12001C41A1 /* StudentManagement.xcdatamodeld */; };
		54E4D5162180BD12001C41A1 /* Assets.xcassets in Resources */ = {isa = PBXBuildFile; fileRef = 54E4D5152180BD12001C41A1 /* Assets.xcassets */; };
		54E4D5192180BD12001C41A1 /* LaunchScreen.storyboard in Resources */ = {isa = PBXBuildFile; fileRef = 54E4D5172180BD12001C41A1 /* LaunchScreen.storyboard */; };
		54E4D5242180BD12001C41A1 /* StudentManagementTests.swift in Sources */ = {isa = PBXBuildFile; fileRef = 54E4D5232180BD12001C41A1 /* StudentManagementTests.swift */; };
		54E4D52F2180BD12001C41A1 /* StudentManagementUITests.swift in Sources */ = {isa = PBXBuildFile; fileRef = 54E4D52E2180BD12001C41A1 /* StudentManagementUITests.swift */; };
		54E4D53D2180C333001C41A1 /* StudentCell.swift in Sources */ = {isa = PBXBuildFile; fileRef = 54E4D53C2180C333001C41A1 /* StudentCell.swift */; };
		54E4D53F2180C531001C41A1 /* Student.swift in Sources */ = {isa = PBXBuildFile; fileRef = 54E4D53E2180C531001C41A1 /* Student.swift */; };
		54E9E5DB2183FCDA009D16A0 /* Keyboard.swift in Sources */ = {isa = PBXBuildFile; fileRef = 54E9E5DA2183FCDA009D16A0 /* Keyboard.swift */; };
		54F5D2F12181F7DC00378C00 /* StudentInfoViewController.swift in Sources */ = {isa = PBXBuildFile; fileRef = 54F5D2F02181F7DC00378C00 /* StudentInfoViewController.swift */; };
		54F5D2F3218239D900378C00 /* AddStudentViewController.swift in Sources */ = {isa = PBXBuildFile; fileRef = 54F5D2F2218239D900378C00 /* AddStudentViewController.swift */; };
/* End PBXBuildFile section */

/* Begin PBXContainerItemProxy section */
		54E4D5202180BD12001C41A1 /* PBXContainerItemProxy */ = {
			isa = PBXContainerItemProxy;
			containerPortal = 54E4D5002180BD12001C41A1 /* Project object */;
			proxyType = 1;
			remoteGlobalIDString = 54E4D5072180BD12001C41A1;
			remoteInfo = StudentManagement;
		};
		54E4D52B2180BD12001C41A1 /* PBXContainerItemProxy */ = {
			isa = PBXContainerItemProxy;
			containerPortal = 54E4D5002180BD12001C41A1 /* Project object */;
			proxyType = 1;
			remoteGlobalIDString = 54E4D5072180BD12001C41A1;
			remoteInfo = StudentManagement;
		};
/* End PBXContainerItemProxy section */

/* Begin PBXFileReference section */
		54E4D5082180BD12001C41A1 /* StudentManagement.app */ = {isa = PBXFileReference; explicitFileType = wrapper.application; includeInIndex = 0; path = StudentManagement.app; sourceTree = BUILT_PRODUCTS_DIR; };
		54E4D50B2180BD12001C41A1 /* AppDelegate.swift */ = {isa = PBXFileReference; lastKnownFileType = sourcecode.swift; path = AppDelegate.swift; sourceTree = "<group>"; };
		54E4D50D2180BD12001C41A1 /* ViewController.swift */ = {isa = PBXFileReference; lastKnownFileType = sourcecode.swift; path = ViewController.swift; sourceTree = "<group>"; };
		54E4D5102180BD12001C41A1 /* Base */ = {isa = PBXFileReference; lastKnownFileType = file.storyboard; name = Base; path = Base.lproj/Main.storyboard; sourceTree = "<group>"; };
		54E4D5132180BD12001C41A1 /* StudentManagement.xcdatamodel */ = {isa = PBXFileReference; lastKnownFileType = wrapper.xcdatamodel; path = StudentManagement.xcdatamodel; sourceTree = "<group>"; };
		54E4D5152180BD12001C41A1 /* Assets.xcassets */ = {isa = PBXFileReference; lastKnownFileType = folder.assetcatalog; path = Assets.xcassets; sourceTree = "<group>"; };
		54E4D5182180BD12001C41A1 /* Base */ = {isa = PBXFileReference; lastKnownFileType = file.storyboard; name = Base; path = Base.lproj/LaunchScreen.storyboard; sourceTree = "<group>"; };
		54E4D51A2180BD12001C41A1 /* Info.plist */ = {isa = PBXFileReference; lastKnownFileType = text.plist.xml; path = Info.plist; sourceTree = "<group>"; };
		54E4D51F2180BD12001C41A1 /* StudentManagementTests.xctest */ = {isa = PBXFileReference; explicitFileType = wrapper.cfbundle; includeInIndex = 0; path = StudentManagementTests.xctest; sourceTree = BUILT_PRODUCTS_DIR; };
		54E4D5232180BD12001C41A1 /* StudentManagementTests.swift */ = {isa = PBXFileReference; lastKnownFileType = sourcecode.swift; path = StudentManagementTests.swift; sourceTree = "<group>"; };
		54E4D5252180BD12001C41A1 /* Info.plist */ = {isa = PBXFileReference; lastKnownFileType = text.plist.xml; path = Info.plist; sourceTree = "<group>"; };
		54E4D52A2180BD12001C41A1 /* StudentManagementUITests.xctest */ = {isa = PBXFileReference; explicitFileType = wrapper.cfbundle; includeInIndex = 0; path = StudentManagementUITests.xctest; sourceTree = BUILT_PRODUCTS_DIR; };
		54E4D52E2180BD12001C41A1 /* StudentManagementUITests.swift */ = {isa = PBXFileReference; lastKnownFileType = sourcecode.swift; path = StudentManagementUITests.swift; sourceTree = "<group>"; };
		54E4D5302180BD12001C41A1 /* Info.plist */ = {isa = PBXFileReference; lastKnownFileType = text.plist.xml; path = Info.plist; sourceTree = "<group>"; };
		54E4D53C2180C333001C41A1 /* StudentCell.swift */ = {isa = PBXFileReference; lastKnownFileType = sourcecode.swift; path = StudentCell.swift; sourceTree = "<group>"; };
		54E4D53E2180C531001C41A1 /* Student.swift */ = {isa = PBXFileReference; lastKnownFileType = sourcecode.swift; path = Student.swift; sourceTree = "<group>"; };
		54E9E5DA2183FCDA009D16A0 /* Keyboard.swift */ = {isa = PBXFileReference; lastKnownFileType = sourcecode.swift; path = Keyboard.swift; sourceTree = "<group>"; };
		54F5D2F02181F7DC00378C00 /* StudentInfoViewController.swift */ = {isa = PBXFileReference; lastKnownFileType = sourcecode.swift; path = StudentInfoViewController.swift; sourceTree = "<group>"; };
		54F5D2F2218239D900378C00 /* AddStudentViewController.swift */ = {isa = PBXFileReference; lastKnownFileType = sourcecode.swift; path = AddStudentViewController.swift; sourceTree = "<group>"; };
/* End PBXFileReference section */

/* Begin PBXFrameworksBuildPhase section */
		54E4D5052180BD12001C41A1 /* Frameworks */ = {
			isa = PBXFrameworksBuildPhase;
			buildActionMask = 2147483647;
			files = (
			);
			runOnlyForDeploymentPostprocessing = 0;
		};
		54E4D51C2180BD12001C41A1 /* Frameworks */ = {
			isa = PBXFrameworksBuildPhase;
			buildActionMask = 2147483647;
			files = (
			);
			runOnlyForDeploymentPostprocessing = 0;
		};
		54E4D5272180BD12001C41A1 /* Frameworks */ = {
			isa = PBXFrameworksBuildPhase;
			buildActionMask = 2147483647;
			files = (
			);
			runOnlyForDeploymentPostprocessing = 0;
		};
/* End PBXFrameworksBuildPhase section */

/* Begin PBXGroup section */
		54E4D4FF2180BD12001C41A1 = {
			isa = PBXGroup;
			children = (
				54E4D50A2180BD12001C41A1 /* StudentManagement */,
				54E4D5222180BD12001C41A1 /* StudentManagementTests */,
				54E4D52D2180BD12001C41A1 /* StudentManagementUITests */,
				54E4D5092180BD12001C41A1 /* Products */,
			);
			sourceTree = "<group>";
		};
		54E4D5092180BD12001C41A1 /* Products */ = {
			isa = PBXGroup;
			children = (
				54E4D5082180BD12001C41A1 /* StudentManagement.app */,
				54E4D51F2180BD12001C41A1 /* StudentManagementTests.xctest */,
				54E4D52A2180BD12001C41A1 /* StudentManagementUITests.xctest */,
			);
			name = Products;
			sourceTree = "<group>";
		};
		54E4D50A2180BD12001C41A1 /* StudentManagement */ = {
			isa = PBXGroup;
			children = (
				54E4D50B2180BD12001C41A1 /* AppDelegate.swift */,
				54E4D50D2180BD12001C41A1 /* ViewController.swift */,
				54F5D2F02181F7DC00378C00 /* StudentInfoViewController.swift */,
				54F5D2F2218239D900378C00 /* AddStudentViewController.swift */,
				54E4D53C2180C333001C41A1 /* StudentCell.swift */,
				54E4D53E2180C531001C41A1 /* Student.swift */,
				54E9E5DA2183FCDA009D16A0 /* Keyboard.swift */,
				54E4D50F2180BD12001C41A1 /* Main.storyboard */,
				54E4D5152180BD12001C41A1 /* Assets.xcassets */,
				54E4D5172180BD12001C41A1 /* LaunchScreen.storyboard */,
				54E4D51A2180BD12001C41A1 /* Info.plist */,
				54E4D5122180BD12001C41A1 /* StudentManagement.xcdatamodeld */,
			);
			path = StudentManagement;
			sourceTree = "<group>";
		};
		54E4D5222180BD12001C41A1 /* StudentManagementTests */ = {
			isa = PBXGroup;
			children = (
				54E4D5232180BD12001C41A1 /* StudentManagementTests.swift */,
				54E4D5252180BD12001C41A1 /* Info.plist */,
			);
			path = StudentManagementTests;
			sourceTree = "<group>";
		};
		54E4D52D2180BD12001C41A1 /* StudentManagementUITests */ = {
			isa = PBXGroup;
			children = (
				54E4D52E2180BD12001C41A1 /* StudentManagementUITests.swift */,
				54E4D5302180BD12001C41A1 /* Info.plist */,
			);
			path = StudentManagementUITests;
			sourceTree = "<group>";
		};
/* End PBXGroup section */

/* Begin PBXNativeTarget section */
		54E4D5072180BD12001C41A1 /* StudentManagement */ = {
			isa = PBXNativeTarget;
			buildConfigurationList = 54E4D5332180BD12001C41A1 /* Build configuration list for PBXNativeTarget "StudentManagement" */;
			buildPhases = (
				54E4D5042180BD12001C41A1 /* Sources */,
				54E4D5052180BD12001C41A1 /* Frameworks */,
				54E4D5062180BD12001C41A1 /* Resources */,
			);
			buildRules = (
			);
			dependencies = (
			);
			name = StudentManagement;
			productName = StudentManagement;
			productReference = 54E4D5082180BD12001C41A1 /* StudentManagement.app */;
			productType = "com.apple.product-type.application";
		};
		54E4D51E2180BD12001C41A1 /* StudentManagementTests */ = {
			isa = PBXNativeTarget;
			buildConfigurationList = 54E4D5362180BD12001C41A1 /* Build configuration list for PBXNativeTarget "StudentManagementTests" */;
			buildPhases = (
				54E4D51B2180BD12001C41A1 /* Sources */,
				54E4D51C2180BD12001C41A1 /* Frameworks */,
				54E4D51D2180BD12001C41A1 /* Resources */,
			);
			buildRules = (
			);
			dependencies = (
				54E4D5212180BD12001C41A1 /* PBXTargetDependency */,
			);
			name = StudentManagementTests;
			productName = StudentManagementTests;
			productReference = 54E4D51F2180BD12001C41A1 /* StudentManagementTests.xctest */;
			productType = "com.apple.product-type.bundle.unit-test";
		};
		54E4D5292180BD12001C41A1 /* StudentManagementUITests */ = {
			isa = PBXNativeTarget;
			buildConfigurationList = 54E4D5392180BD12001C41A1 /* Build configuration list for PBXNativeTarget "StudentManagementUITests" */;
			buildPhases = (
				54E4D5262180BD12001C41A1 /* Sources */,
				54E4D5272180BD12001C41A1 /* Frameworks */,
				54E4D5282180BD12001C41A1 /* Resources */,
			);
			buildRules = (
			);
			dependencies = (
				54E4D52C2180BD12001C41A1 /* PBXTargetDependency */,
			);
			name = StudentManagementUITests;
			productName = StudentManagementUITests;
			productReference = 54E4D52A2180BD12001C41A1 /* StudentManagementUITests.xctest */;
			productType = "com.apple.product-type.bundle.ui-testing";
		};
/* End PBXNativeTarget section */

/* Begin PBXProject section */
		54E4D5002180BD12001C41A1 /* Project object */ = {
			isa = PBXProject;
			attributes = {
				LastSwiftUpdateCheck = 1000;
				LastUpgradeCheck = 1000;
				ORGANIZATIONNAME = Tom;
				TargetAttributes = {
					54E4D5072180BD12001C41A1 = {
						CreatedOnToolsVersion = 10.0;
					};
					54E4D51E2180BD12001C41A1 = {
						CreatedOnToolsVersion = 10.0;
						TestTargetID = 54E4D5072180BD12001C41A1;
					};
					54E4D5292180BD12001C41A1 = {
						CreatedOnToolsVersion = 10.0;
						TestTargetID = 54E4D5072180BD12001C41A1;
					};
				};
			};
			buildConfigurationList = 54E4D5032180BD12001C41A1 /* Build configuration list for PBXProject "StudentManagement" */;
			compatibilityVersion = "Xcode 9.3";
			developmentRegion = en;
			hasScannedForEncodings = 0;
			knownRegions = (
				en,
				Base,
			);
			mainGroup = 54E4D4FF2180BD12001C41A1;
			productRefGroup = 54E4D5092180BD12001C41A1 /* Products */;
			projectDirPath = "";
			projectRoot = "";
			targets = (
				54E4D5072180BD12001C41A1 /* StudentManagement */,
				54E4D51E2180BD12001C41A1 /* StudentManagementTests */,
				54E4D5292180BD12001C41A1 /* StudentManagementUITests */,
			);
		};
/* End PBXProject section */

/* Begin PBXResourcesBuildPhase section */
		54E4D5062180BD12001C41A1 /* Resources */ = {
			isa = PBXResourcesBuildPhase;
			buildActionMask = 2147483647;
			files = (
				54E4D5192180BD12001C41A1 /* LaunchScreen.storyboard in Resources */,
				54E4D5162180BD12001C41A1 /* Assets.xcassets in Resources */,
				54E4D5112180BD12001C41A1 /* Main.storyboard in Resources */,
			);
			runOnlyForDeploymentPostprocessing = 0;
		};
		54E4D51D2180BD12001C41A1 /* Resources */ = {
			isa = PBXResourcesBuildPhase;
			buildActionMask = 2147483647;
			files = (
			);
			runOnlyForDeploymentPostprocessing = 0;
		};
		54E4D5282180BD12001C41A1 /* Resources */ = {
			isa = PBXResourcesBuildPhase;
			buildActionMask = 2147483647;
			files = (
			);
			runOnlyForDeploymentPostprocessing = 0;
		};
/* End PBXResourcesBuildPhase section */

/* Begin PBXSourcesBuildPhase section */
		54E4D5042180BD12001C41A1 /* Sources */ = {
			isa = PBXSourcesBuildPhase;
			buildActionMask = 2147483647;
			files = (
				54E4D5142180BD12001C41A1 /* StudentManagement.xcdatamodeld in Sources */,
				54F5D2F3218239D900378C00 /* AddStudentViewController.swift in Sources */,
				54E9E5DB2183FCDA009D16A0 /* Keyboard.swift in Sources */,
				54E4D50E2180BD12001C41A1 /* ViewController.swift in Sources */,
				54E4D50C2180BD12001C41A1 /* AppDelegate.swift in Sources */,
				54E4D53F2180C531001C41A1 /* Student.swift in Sources */,
				54F5D2F12181F7DC00378C00 /* StudentInfoViewController.swift in Sources */,
				54E4D53D2180C333001C41A1 /* StudentCell.swift in Sources */,
			);
			runOnlyForDeploymentPostprocessing = 0;
		};
		54E4D51B2180BD12001C41A1 /* Sources */ = {
			isa = PBXSourcesBuildPhase;
			buildActionMask = 2147483647;
			files = (
				54E4D5242180BD12001C41A1 /* StudentManagementTests.swift in Sources */,
			);
			runOnlyForDeploymentPostprocessing = 0;
		};
		54E4D5262180BD12001C41A1 /* Sources */ = {
			isa = PBXSourcesBuildPhase;
			buildActionMask = 2147483647;
			files = (
				54E4D52F2180BD12001C41A1 /* StudentManagementUITests.swift in Sources */,
			);
			runOnlyForDeploymentPostprocessing = 0;
		};
/* End PBXSourcesBuildPhase section */

/* Begin PBXTargetDependency section */
		54E4D5212180BD12001C41A1 /* PBXTargetDependency */ = {
			isa = PBXTargetDependency;
			target = 54E4D5072180BD12001C41A1 /* StudentManagement */;
			targetProxy = 54E4D5202180BD12001C41A1 /* PBXContainerItemProxy */;
		};
		54E4D52C2180BD12001C41A1 /* PBXTargetDependency */ = {
			isa = PBXTargetDependency;
			target = 54E4D5072180BD12001C41A1 /* StudentManagement */;
			targetProxy = 54E4D52B2180BD12001C41A1 /* PBXContainerItemProxy */;
		};
/* End PBXTargetDependency section */

/* Begin PBXVariantGroup section */
		54E4D50F2180BD12001C41A1 /* Main.storyboard */ = {
			isa = PBXVariantGroup;
			children = (
				54E4D5102180BD12001C41A1 /* Base */,
			);
			name = Main.storyboard;
			sourceTree = "<group>";
		};
		54E4D5172180BD12001C41A1 /* LaunchScreen.storyboard */ = {
			isa = PBXVariantGroup;
			children = (
				54E4D5182180BD12001C41A1 /* Base */,
			);
			name = LaunchScreen.storyboard;
			sourceTree = "<group>";
		};
/* End PBXVariantGroup section */

/* Begin XCBuildConfiguration section */
		54E4D5312180BD12001C41A1 /* Debug */ = {
			isa = XCBuildConfiguration;
			buildSettings = {
				ALWAYS_SEARCH_USER_PATHS = NO;
				CLANG_ANALYZER_NONNULL = YES;
				CLANG_ANALYZER_NUMBER_OBJECT_CONVERSION = YES_AGGRESSIVE;
				CLANG_CXX_LANGUAGE_STANDARD = "gnu++14";
				CLANG_CXX_LIBRARY = "libc++";
				CLANG_ENABLE_MODULES = YES;
				CLANG_ENABLE_OBJC_ARC = YES;
				CLANG_ENABLE_OBJC_WEAK = YES;
				CLANG_WARN_BLOCK_CAPTURE_AUTORELEASING = YES;
				CLANG_WARN_BOOL_CONVERSION = YES;
				CLANG_WARN_COMMA = YES;
				CLANG_WARN_CONSTANT_CONVERSION = YES;
				CLANG_WARN_DEPRECATED_OBJC_IMPLEMENTATIONS = YES;
				CLANG_WARN_DIRECT_OBJC_ISA_USAGE = YES_ERROR;
				CLANG_WARN_DOCUMENTATION_COMMENTS = YES;
				CLANG_WARN_EMPTY_BODY = YES;
				CLANG_WARN_ENUM_CONVERSION = YES;
				CLANG_WARN_INFINITE_RECURSION = YES;
				CLANG_WARN_INT_CONVERSION = YES;
				CLANG_WARN_NON_LITERAL_NULL_CONVERSION = YES;
				CLANG_WARN_OBJC_IMPLICIT_RETAIN_SELF = YES;
				CLANG_WARN_OBJC_LITERAL_CONVERSION = YES;
				CLANG_WARN_OBJC_ROOT_CLASS = YES_ERROR;
				CLANG_WARN_RANGE_LOOP_ANALYSIS = YES;
				CLANG_WARN_STRICT_PROTOTYPES = YES;
				CLANG_WARN_SUSPICIOUS_MOVE = YES;
				CLANG_WARN_UNGUARDED_AVAILABILITY = YES_AGGRESSIVE;
				CLANG_WARN_UNREACHABLE_CODE = YES;
				CLANG_WARN__DUPLICATE_METHOD_MATCH = YES;
				CODE_SIGN_IDENTITY = "iPhone Developer";
				COPY_PHASE_STRIP = NO;
				DEBUG_INFORMATION_FORMAT = dwarf;
				ENABLE_STRICT_OBJC_MSGSEND = YES;
				ENABLE_TESTABILITY = YES;
				GCC_C_LANGUAGE_STANDARD = gnu11;
				GCC_DYNAMIC_NO_PIC = NO;
				GCC_NO_COMMON_BLOCKS = YES;
				GCC_OPTIMIZATION_LEVEL = 0;
				GCC_PREPROCESSOR_DEFINITIONS = (
					"DEBUG=1",
					"$(inherited)",
				);
				GCC_WARN_64_TO_32_BIT_CONVERSION = YES;
				GCC_WARN_ABOUT_RETURN_TYPE = YES_ERROR;
				GCC_WARN_UNDECLARED_SELECTOR = YES;
				GCC_WARN_UNINITIALIZED_AUTOS = YES_AGGRESSIVE;
				GCC_WARN_UNUSED_FUNCTION = YES;
				GCC_WARN_UNUSED_VARIABLE = YES;
				IPHONEOS_DEPLOYMENT_TARGET = 12.0;
				MTL_ENABLE_DEBUG_INFO = INCLUDE_SOURCE;
				MTL_FAST_MATH = YES;
				ONLY_ACTIVE_ARCH = YES;
				SDKROOT = iphoneos;
				SWIFT_ACTIVE_COMPILATION_CONDITIONS = DEBUG;
				SWIFT_OPTIMIZATION_LEVEL = "-Onone";
			};
			name = Debug;
		};
		54E4D5322180BD12001C41A1 /* Release */ = {
			isa = XCBuildConfiguration;
			buildSettings = {
				ALWAYS_SEARCH_USER_PATHS = NO;
				CLANG_ANALYZER_NONNULL = YES;
				CLANG_ANALYZER_NUMBER_OBJECT_CONVERSION = YES_AGGRESSIVE;
				CLANG_CXX_LANGUAGE_STANDARD = "gnu++14";
				CLANG_CXX_LIBRARY = "libc++";
				CLANG_ENABLE_MODULES = YES;
				CLANG_ENABLE_OBJC_ARC = YES;
				CLANG_ENABLE_OBJC_WEAK = YES;
				CLANG_WARN_BLOCK_CAPTURE_AUTORELEASING = YES;
				CLANG_WARN_BOOL_CONVERSION = YES;
				CLANG_WARN_COMMA = YES;
				CLANG_WARN_CONSTANT_CONVERSION = YES;
				CLANG_WARN_DEPRECATED_OBJC_IMPLEMENTATIONS = YES;
				CLANG_WARN_DIRECT_OBJC_ISA_USAGE = YES_ERROR;
				CLANG_WARN_DOCUMENTATION_COMMENTS = YES;
				CLANG_WARN_EMPTY_BODY = YES;
				CLANG_WARN_ENUM_CONVERSION = YES;
				CLANG_WARN_INFINITE_RECURSION = YES;
				CLANG_WARN_INT_CONVERSION = YES;
				CLANG_WARN_NON_LITERAL_NULL_CONVERSION = YES;
				CLANG_WARN_OBJC_IMPLICIT_RETAIN_SELF = YES;
				CLANG_WARN_OBJC_LITERAL_CONVERSION = YES;
				CLANG_WARN_OBJC_ROOT_CLASS = YES_ERROR;
				CLANG_WARN_RANGE_LOOP_ANALYSIS = YES;
				CLANG_WARN_STRICT_PROTOTYPES = YES;
				CLANG_WARN_SUSPICIOUS_MOVE = YES;
				CLANG_WARN_UNGUARDED_AVAILABILITY = YES_AGGRESSIVE;
				CLANG_WARN_UNREACHABLE_CODE = YES;
				CLANG_WARN__DUPLICATE_METHOD_MATCH = YES;
				CODE_SIGN_IDENTITY = "iPhone Developer";
				COPY_PHASE_STRIP = NO;
				DEBUG_INFORMATION_FORMAT = "dwarf-with-dsym";
				ENABLE_NS_ASSERTIONS = NO;
				ENABLE_STRICT_OBJC_MSGSEND = YES;
				GCC_C_LANGUAGE_STANDARD = gnu11;
				GCC_NO_COMMON_BLOCKS = YES;
				GCC_WARN_64_TO_32_BIT_CONVERSION = YES;
				GCC_WARN_ABOUT_RETURN_TYPE = YES_ERROR;
				GCC_WARN_UNDECLARED_SELECTOR = YES;
				GCC_WARN_UNINITIALIZED_AUTOS = YES_AGGRESSIVE;
				GCC_WARN_UNUSED_FUNCTION = YES;
				GCC_WARN_UNUSED_VARIABLE = YES;
				IPHONEOS_DEPLOYMENT_TARGET = 12.0;
				MTL_ENABLE_DEBUG_INFO = NO;
				MTL_FAST_MATH = YES;
				SDKROOT = iphoneos;
				SWIFT_COMPILATION_MODE = wholemodule;
				SWIFT_OPTIMIZATION_LEVEL = "-O";
				VALIDATE_PRODUCT = YES;
			};
			name = Release;
		};
		54E4D5342180BD12001C41A1 /* Debug */ = {
			isa = XCBuildConfiguration;
			buildSettings = {
				ASSETCATALOG_COMPILER_APPICON_NAME = AppIcon;
				CODE_SIGN_STYLE = Automatic;
				INFOPLIST_FILE = StudentManagement/Info.plist;
				LD_RUNPATH_SEARCH_PATHS = (
					"$(inherited)",
					"@executable_path/Frameworks",
				);
				PRODUCT_BUNDLE_IDENTIFIER = com.itom.StudentManagement;
				PRODUCT_NAME = "$(TARGET_NAME)";
				SWIFT_VERSION = 4.2;
				TARGETED_DEVICE_FAMILY = "1,2";
			};
			name = Debug;
		};
		54E4D5352180BD12001C41A1 /* Release */ = {
			isa = XCBuildConfiguration;
			buildSettings = {
				ASSETCATALOG_COMPILER_APPICON_NAME = AppIcon;
				CODE_SIGN_STYLE = Automatic;
				INFOPLIST_FILE = StudentManagement/Info.plist;
				LD_RUNPATH_SEARCH_PATHS = (
					"$(inherited)",
					"@executable_path/Frameworks",
				);
				PRODUCT_BUNDLE_IDENTIFIER = com.itom.StudentManagement;
				PRODUCT_NAME = "$(TARGET_NAME)";
				SWIFT_VERSION = 4.2;
				TARGETED_DEVICE_FAMILY = "1,2";
			};
			name = Release;
		};
		54E4D5372180BD12001C41A1 /* Debug */ = {
			isa = XCBuildConfiguration;
			buildSettings = {
				ALWAYS_EMBED_SWIFT_STANDARD_LIBRARIES = YES;
				BUNDLE_LOADER = "$(TEST_HOST)";
				CODE_SIGN_STYLE = Automatic;
				INFOPLIST_FILE = StudentManagementTests/Info.plist;
				LD_RUNPATH_SEARCH_PATHS = (
					"$(inherited)",
					"@executable_path/Frameworks",
					"@loader_path/Frameworks",
				);
				PRODUCT_BUNDLE_IDENTIFIER = com.itom.StudentManagementTests;
				PRODUCT_NAME = "$(TARGET_NAME)";
				SWIFT_VERSION = 4.2;
				TARGETED_DEVICE_FAMILY = "1,2";
				TEST_HOST = "$(BUILT_PRODUCTS_DIR)/StudentManagement.app/StudentManagement";
			};
			name = Debug;
		};
		54E4D5382180BD12001C41A1 /* Release */ = {
			isa = XCBuildConfiguration;
			buildSettings = {
				ALWAYS_EMBED_SWIFT_STANDARD_LIBRARIES = YES;
				BUNDLE_LOADER = "$(TEST_HOST)";
				CODE_SIGN_STYLE = Automatic;
				INFOPLIST_FILE = StudentManagementTests/Info.plist;
				LD_RUNPATH_SEARCH_PATHS = (
					"$(inherited)",
					"@executable_path/Frameworks",
					"@loader_path/Frameworks",
				);
				PRODUCT_BUNDLE_IDENTIFIER = com.itom.StudentManagementTests;
				PRODUCT_NAME = "$(TARGET_NAME)";
				SWIFT_VERSION = 4.2;
				TARGETED_DEVICE_FAMILY = "1,2";
				TEST_HOST = "$(BUILT_PRODUCTS_DIR)/StudentManagement.app/StudentManagement";
			};
			name = Release;
		};
		54E4D53A2180BD12001C41A1 /* Debug */ = {
			isa = XCBuildConfiguration;
			buildSettings = {
				ALWAYS_EMBED_SWIFT_STANDARD_LIBRARIES = YES;
				CODE_SIGN_STYLE = Automatic;
				INFOPLIST_FILE = StudentManagementUITests/Info.plist;
				LD_RUNPATH_SEARCH_PATHS = (
					"$(inherited)",
					"@executable_path/Frameworks",
					"@loader_path/Frameworks",
				);
				PRODUCT_BUNDLE_IDENTIFIER = com.itom.StudentManagementUITests;
				PRODUCT_NAME = "$(TARGET_NAME)";
				SWIFT_VERSION = 4.2;
				TARGETED_DEVICE_FAMILY = "1,2";
				TEST_TARGET_NAME = StudentManagement;
			};
			name = Debug;
		};
		54E4D53B2180BD12001C41A1 /* Release */ = {
			isa = XCBuildConfiguration;
			buildSettings = {
				ALWAYS_EMBED_SWIFT_STANDARD_LIBRARIES = YES;
				CODE_SIGN_STYLE = Automatic;
				INFOPLIST_FILE = StudentManagementUITests/Info.plist;
				LD_RUNPATH_SEARCH_PATHS = (
					"$(inherited)",
					"@executable_path/Frameworks",
					"@loader_path/Frameworks",
				);
				PRODUCT_BUNDLE_IDENTIFIER = com.itom.StudentManagementUITests;
				PRODUCT_NAME = "$(TARGET_NAME)";
				SWIFT_VERSION = 4.2;
				TARGETED_DEVICE_FAMILY = "1,2";
				TEST_TARGET_NAME = StudentManagement;
			};
			name = Release;
		};
/* End XCBuildConfiguration section */

/* Begin XCConfigurationList section */
		54E4D5032180BD12001C41A1 /* Build configuration list for PBXProject "StudentManagement" */ = {
			isa = XCConfigurationList;
			buildConfigurations = (
				54E4D5312180BD12001C41A1 /* Debug */,
				54E4D5322180BD12001C41A1 /* Release */,
			);
			defaultConfigurationIsVisible = 0;
			defaultConfigurationName = Release;
		};
		54E4D5332180BD12001C41A1 /* Build configuration list for PBXNativeTarget "StudentManagement" */ = {
			isa = XCConfigurationList;
			buildConfigurations = (
				54E4D5342180BD12001C41A1 /* Debug */,
				54E4D5352180BD12001C41A1 /* Release */,
			);
			defaultConfigurationIsVisible = 0;
			defaultConfigurationName = Release;
		};
		54E4D5362180BD12001C41A1 /* Build configuration list for PBXNativeTarget "StudentManagementTests" */ = {
			isa = XCConfigurationList;
			buildConfigurations = (
				54E4D5372180BD12001C41A1 /* Debug */,
				54E4D5382180BD12001C41A1 /* Release */,
			);
			defaultConfigurationIsVisible = 0;
			defaultConfigurationName = Release;
		};
		54E4D5392180BD12001C41A1 /* Build configuration list for PBXNativeTarget "StudentManagementUITests" */ = {
			isa = XCConfigurationList;
			buildConfigurations = (
				54E4D53A2180BD12001C41A1 /* Debug */,
				54E4D53B2180BD12001C41A1 /* Release */,
			);
			defaultConfigurationIsVisible = 0;
			defaultConfigurationName = Release;
		};
/* End XCConfigurationList section */

/* Begin XCVersionGroup section */
		54E4D5122180BD12001C41A1 /* StudentManagement.xcdatamodeld */ = {
			isa = XCVersionGroup;
			children = (
				54E4D5132180BD12001C41A1 /* StudentManagement.xcdatamodel */,
			);
			currentVersion = 54E4D5132180BD12001C41A1 /* StudentManagement.xcdatamodel */;
			path = StudentManagement.xcdatamodeld;
			sourceTree = "<group>";
			versionGroupType = wrapper.xcdatamodel;
		};
/* End XCVersionGroup section */
	};
	rootObject = 54E4D5002180BD12001C41A1 /* Project object */;
}
